// !$*UTF8*$!
{
	archiveVersion = 1;
	classes = {
	};
	objectVersion = 77;
	objects = {

/* Begin PBXBuildFile section */
		08957E1B52A53A058F342440 /* Pods_fifoogame.framework in Frameworks */ = {isa = PBXBuildFile; fileRef = F31625C80422BAB0B57F2C67 /* Pods_fifoogame.framework */; };
/* End PBXBuildFile section */

/* Begin PBXContainerItemProxy section */
		278C62F93034EFC900E5F340 /* PBXContainerItemProxy */ = {
			isa = PBXContainerItemProxy;
			containerPortal = 278C62BF3034DC7200E5F340 /* Project object */;
			proxyType = 1;
			remoteGlobalIDString = 278C62C63034DC7200E5F340;
			remoteInfo = fifoogame;
		};
/* End PBXContainerItemProxy section */

/* Begin PBXFileReference section */
		0C2F5F641D60BED7204C9F85 /* Pods-fifoogame.release.xcconfig */ = {isa = PBXFileReference; includeInIndex = 1; lastKnownFileType = text.xcconfig; name = "Pods-fifoogame.release.xcconfig"; path = "Target Support Files/Pods-fifoogame/Pods-fifoogame.release.xcconfig"; sourceTree = "<group>"; };
		278C62C73034DC7200E5F340 /* fifoogame.app */ = {isa = PBXFileReference; explicitFileType = wrapper.application; includeInIndex = 0; path = fifoogame.app; sourceTree = BUILT_PRODUCTS_DIR; };
		278C62F53034EFC900E5F340 /* fifoogameTests.xctest */ = {isa = PBXFileReference; explicitFileType = wrapper.cfbundle; includeInIndex = 0; path = fifoogameTests.xctest; sourceTree = BUILT_PRODUCTS_DIR; };
		295325B027358286B4336806 /* Pods-fifoogame.debug.xcconfig */ = {isa = PBXFileReference; includeInIndex = 1; lastKnownFileType = text.xcconfig; name = "Pods-fifoogame.debug.xcconfig"; path = "Target Support Files/Pods-fifoogame/Pods-fifoogame.debug.xcconfig"; sourceTree = "<group>"; };
		F31625C80422BAB0B57F2C67 /* Pods_fifoogame.framework */ = {isa = PBXFileReference; explicitFileType = wrapper.framework; includeInIndex = 0; path = Pods_fifoogame.framework; sourceTree = BUILT_PRODUCTS_DIR; };
/* End PBXFileReference section */

/* Begin PBXFileSystemSynchronizedBuildFileExceptionSet section */
		274E98183037F0360075F87C /* Exceptions for "fifoogame" folder in "fifoogame" target */ = {
			isa = PBXFileSystemSynchronizedBuildFileExceptionSet;
			membershipExceptions = (
				Info.plist,
			);
			target = 278C62C63034DC7200E5F340 /* fifoogame */;
		};
		274E99A4303803520075F87C /* Exceptions for "fifoogame" folder in "fifoogameTests" target */ = {
			isa = PBXFileSystemSynchronizedBuildFileExceptionSet;
			membershipExceptions = (
				App/Calendar/ActivityDetailsView.swift,
				App/Calendar/CalendarUserRequestImagesRow.swift,
				App/Calendar/CalendarView.swift,
				App/Calendar/EventItemUserImagesRow.swift,
				App/Calendar/InfiniteDayCalendarView.swift,
				App/SocketManager.swift,
				"FIfoo Play/Play Views/Media Views/ExerciseInstructionsView.swift",
				"FIfoo Play/Play Views/Media Views/FullScreenImageView.swift",
				"FIfoo Play/Play Views/Media Views/FullScreenVideoView.swift",
				"FIfoo Play/Play Views/PlayOverlay.swift",
				"FIfoo Play/Play Views/PlayView.swift",
				"FIfoo Play/Play Views/Sound Files/levelup.wav",
				"FIfoo Play/Play Views/Sound Files/swish.wav",
				"FIfoo Play/Play Views/Workout LifeCycle/PedometerManager.swift",
				"FIfoo Play/Play Views/Workout LifeCycle/WorkoutModel.swift",
				"FIfoo Play/Play Views/Workout LifeCycle/WorkoutSessionManager.swift",
				"FIfoo Play/Play Views/Workout LifeCycle/WorkoutSoundManager.swift",
				"FIfoo Play/Play Views/Workout LifeCycle/WorkoutVoiceManager.swift",
				"FIfoo Play/Play Views/Workout Live/FloatingHeartsView.swift",
				"FIfoo Play/Play Views/Workout Live/WorkoutLiveMessage.swift",
				"FIfoo Play/Play Views/Workout Live/WorkoutLiveMessageStream.swift",
				"FIfoo Play/Play Views/Workout Live/WorkoutLiveOverlay.swift",
				"FIfoo Play/Play Views/Workout Live/WorkoutMoodEmojiPicker.swift",
				"FIfoo Play/Play Views/Workout Progress Views/WorkoutCircularProgressBar.swift",
				"FIfoo Play/Play Views/Workout Progress Views/WorkoutCompletedView.swift",
				"FIfoo Play/Play Views/Workout Progress Views/WorkoutProgressReportView.swift",
				"FIfoo Play/Play Views/Workout Progress Views/WorkoutProgressStatus.swift",
				"FIfoo Play/Play Views/Workout Progress Views/WorkoutStatusOverlay.swift",
				"FIfoo Play/Play Views/WorkoutExercise Model/WorkoutExerciseModel.swift",
			);
			target = 278C62F43034EFC900E5F340 /* fifoogameTests */;
		};
/* End PBXFileSystemSynchronizedBuildFileExceptionSet section */

/* Begin PBXFileSystemSynchronizedRootGroup section */
		278C62C93034DC7200E5F340 /* fifoogame */ = {
			isa = PBXFileSystemSynchronizedRootGroup;
			exceptions = (
				274E98183037F0360075F87C /* Exceptions for "fifoogame" folder in "fifoogame" target */,
				274E99A4303803520075F87C /* Exceptions for "fifoogame" folder in "fifoogameTests" target */,
			);
			path = fifoogame;
			sourceTree = "<group>";
		};
		278C62F63034EFC900E5F340 /* fifoogameTests */ = {
			isa = PBXFileSystemSynchronizedRootGroup;
			path = fifoogameTests;
			sourceTree = "<group>";
		};
/* End PBXFileSystemSynchronizedRootGroup section */

/* Begin PBXFrameworksBuildPhase section */
		278C62C43034DC7200E5F340 /* Frameworks */ = {
			isa = PBXFrameworksBuildPhase;
			buildActionMask = 2147483647;
			files = (
				08957E1B52A53A058F342440 /* Pods_fifoogame.framework in Frameworks */,
			);
			runOnlyForDeploymentPostprocessing = 0;
		};
		278C62F23034EFC900E5F340 /* Frameworks */ = {
			isa = PBXFrameworksBuildPhase;
			buildActionMask = 2147483647;
			files = (
			);
			runOnlyForDeploymentPostprocessing = 0;
		};
/* End PBXFrameworksBuildPhase section */

/* Begin PBXGroup section */
		278C62BE3034DC7200E5F340 = {
			isa = PBXGroup;
			children = (
				278C62C93034DC7200E5F340 /* fifoogame */,
				278C62F63034EFC900E5F340 /* fifoogameTests */,
				278C62C83034DC7200E5F340 /* Products */,
				C1365AEAF8A08C64EEA1833B /* Pods */,
				868177123902FFFF4D406E13 /* Frameworks */,
			);
			sourceTree = "<group>";
		};
		278C62C83034DC7200E5F340 /* Products */ = {
			isa = PBXGroup;
			children = (
				278C62C73034DC7200E5F340 /* fifoogame.app */,
				278C62F53034EFC900E5F340 /* fifoogameTests.xctest */,
			);
			name = Products;
			sourceTree = "<group>";
		};
		868177123902FFFF4D406E13 /* Frameworks */ = {
			isa = PBXGroup;
			children = (
				F31625C80422BAB0B57F2C67 /* Pods_fifoogame.framework */,
			);
			name = Frameworks;
			sourceTree = "<group>";
		};
		C1365AEAF8A08C64EEA1833B /* Pods */ = {
			isa = PBXGroup;
			children = (
				295325B027358286B4336806 /* Pods-fifoogame.debug.xcconfig */,
				0C2F5F641D60BED7204C9F85 /* Pods-fifoogame.release.xcconfig */,
			);
			path = Pods;
			sourceTree = "<group>";
		};
/* End PBXGroup section */

/* Begin PBXNativeTarget section */
		278C62C63034DC7200E5F340 /* fifoogame */ = {
			isa = PBXNativeTarget;
			buildConfigurationList = 278C62D23034DC7400E5F340 /* Build configuration list for PBXNativeTarget "fifoogame" */;
			buildPhases = (
				4C02B2EB0BC5D660F69704C4 /* [CP] Check Pods Manifest.lock */,
				278C62C33034DC7200E5F340 /* Sources */,
				278C62C43034DC7200E5F340 /* Frameworks */,
				278C62C53034DC7200E5F340 /* Resources */,
				8ACD96E6C9AAFD33D2011484 /* [CP] Embed Pods Frameworks */,
			);
			buildRules = (
			);
			dependencies = (
			);
			fileSystemSynchronizedGroups = (
				278C62C93034DC7200E5F340 /* fifoogame */,
			);
			name = fifoogame;
			productName = fifoogame;
			productReference = 278C62C73034DC7200E5F340 /* fifoogame.app */;
			productType = "com.apple.product-type.application";
		};
		278C62F43034EFC900E5F340 /* fifoogameTests */ = {
			isa = PBXNativeTarget;
			buildConfigurationList = 278C62FB3034EFC900E5F340 /* Build configuration list for PBXNativeTarget "fifoogameTests" */;
			buildPhases = (
				278C62F13034EFC900E5F340 /* Sources */,
				278C62F23034EFC900E5F340 /* Frameworks */,
				278C62F33034EFC900E5F340 /* Resources */,
			);
			buildRules = (
			);
			dependencies = (
				278C62FA3034EFC900E5F340 /* PBXTargetDependency */,
			);
			fileSystemSynchronizedGroups = (
				278C62F63034EFC900E5F340 /* fifoogameTests */,
			);
			name = fifoogameTests;
			productName = fifoogameTests;
			productReference = 278C62F53034EFC900E5F340 /* fifoogameTests.xctest */;
			productType = "com.apple.product-type.bundle.unit-test";
		};
/* End PBXNativeTarget section */

/* Begin PBXProject section */
		278C62BF3034DC7200E5F340 /* Project object */ = {
			isa = PBXProject;
			attributes = {
				BuildIndependentTargetsInParallel = 1;
				LastSwiftUpdateCheck = 2640;
				LastUpgradeCheck = 2640;
				TargetAttributes = {
					278C62C63034DC7200E5F340 = {
						CreatedOnToolsVersion = 26.4.1;
					};
					278C62F43034EFC900E5F340 = {
						CreatedOnToolsVersion = 26.4.1;
						TestTargetID = 278C62C63034DC7200E5F340;
					};
				};
			};
			buildConfigurationList = 278C62C23034DC7200E5F340 /* Build configuration list for PBXProject "fifoogame" */;
			developmentRegion = en;
			hasScannedForEncodings = 0;
			knownRegions = (
				en,
				Base,
			);
			mainGroup = 278C62BE3034DC7200E5F340;
			minimizedProjectReferenceProxies = 1;
			preferredProjectObjectVersion = 77;
			productRefGroup = 278C62C83034DC7200E5F340 /* Products */;
			projectDirPath = "";
			projectRoot = "";
			targets = (
				278C62C63034DC7200E5F340 /* fifoogame */,
				278C62F43034EFC900E5F340 /* fifoogameTests */,
			);
		};
/* End PBXProject section */

/* Begin PBXResourcesBuildPhase section */
		278C62C53034DC7200E5F340 /* Resources */ = {
			isa = PBXResourcesBuildPhase;
			buildActionMask = 2147483647;
			files = (
			);
			runOnlyForDeploymentPostprocessing = 0;
		};
		278C62F33034EFC900E5F340 /* Resources */ = {
			isa = PBXResourcesBuildPhase;
			buildActionMask = 2147483647;
			files = (
			);
			runOnlyForDeploymentPostprocessing = 0;
		};
/* End PBXResourcesBuildPhase section */

/* Begin PBXShellScriptBuildPhase section */
		4C02B2EB0BC5D660F69704C4 /* [CP] Check Pods Manifest.lock */ = {
			isa = PBXShellScriptBuildPhase;
			buildActionMask = 2147483647;
			files = (
			);
			inputFileListPaths = (
			);
			inputPaths = (
				"${PODS_PODFILE_DIR_PATH}/Podfile.lock",
				"${PODS_ROOT}/Manifest.lock",
			);
			name = "[CP] Check Pods Manifest.lock";
			outputFileListPaths = (
			);
			outputPaths = (
				"$(DERIVED_FILE_DIR)/Pods-fifoogame-checkManifestLockResult.txt",
			);
			runOnlyForDeploymentPostprocessing = 0;
			shellPath = /bin/sh;
			shellScript = "diff \"${PODS_PODFILE_DIR_PATH}/Podfile.lock\" \"${PODS_ROOT}/Manifest.lock\" > /dev/null\nif [ $? != 0 ] ; then\n    # print error to STDERR\n    echo \"error: The sandbox is not in sync with the Podfile.lock. Run 'pod install' or update your CocoaPods installation.\" >&2\n    exit 1\nfi\n# This output is used by Xcode 'outputs' to avoid re-running this script phase.\necho \"SUCCESS\" > \"${SCRIPT_OUTPUT_FILE_0}\"\n";
			showEnvVarsInLog = 0;
		};
		8ACD96E6C9AAFD33D2011484 /* [CP] Embed Pods Frameworks */ = {
			isa = PBXShellScriptBuildPhase;
			buildActionMask = 2147483647;
			files = (
			);
			inputFileListPaths = (
				"${PODS_ROOT}/Target Support Files/Pods-fifoogame/Pods-fifoogame-frameworks-${CONFIGURATION}-input-files.xcfilelist",
			);
			inputPaths = (
			);
			name = "[CP] Embed Pods Frameworks";
			outputFileListPaths = (
				"${PODS_ROOT}/Target Support Files/Pods-fifoogame/Pods-fifoogame-frameworks-${CONFIGURATION}-output-files.xcfilelist",
			);
			outputPaths = (
			);
			runOnlyForDeploymentPostprocessing = 0;
			shellPath = /bin/sh;
			shellScript = "\"${PODS_ROOT}/Target Support Files/Pods-fifoogame/Pods-fifoogame-frameworks.sh\"\n";
			showEnvVarsInLog = 0;
		};
/* End PBXShellScriptBuildPhase section */

/* Begin PBXSourcesBuildPhase section */
		278C62C33034DC7200E5F340 /* Sources */ = {
			isa = PBXSourcesBuildPhase;
			buildActionMask = 2147483647;
			files = (
			);
			runOnlyForDeploymentPostprocessing = 0;
		};
		278C62F13034EFC900E5F340 /* Sources */ = {
			isa = PBXSourcesBuildPhase;
			buildActionMask = 2147483647;
			files = (
			);
			runOnlyForDeploymentPostprocessing = 0;
		};
/* End PBXSourcesBuildPhase section */

/* Begin PBXTargetDependency section */
		278C62FA3034EFC900E5F340 /* PBXTargetDependency */ = {
			isa = PBXTargetDependency;
			target = 278C62C63034DC7200E5F340 /* fifoogame */;
			targetProxy = 278C62F93034EFC900E5F340 /* PBXContainerItemProxy */;
		};
/* End PBXTargetDependency section */

/* Begin XCBuildConfiguration section */
		278C62D03034DC7400E5F340 /* Debug */ = {
			isa = XCBuildConfiguration;
			buildSettings = {
				ALWAYS_SEARCH_USER_PATHS = NO;
				ASSETCATALOG_COMPILER_GENERATE_SWIFT_ASSET_SYMBOL_EXTENSIONS = YES;
				CLANG_ANALYZER_NONNULL = YES;
				CLANG_ANALYZER_NUMBER_OBJECT_CONVERSION = YES_AGGRESSIVE;
				CLANG_CXX_LANGUAGE_STANDARD = "gnu++20";
				CLANG_ENABLE_MODULES = YES;
				CLANG_ENABLE_OBJC_ARC = YES;
				CLANG_ENABLE_OBJC_WEAK = YES;
				CLANG_WARN_BLOCK_CAPTURE_AUTORELEASING = YES;
				CLANG_WARN_BOOL_CONVERSION = YES;
				CLANG_WARN_COMMA = YES;
				CLANG_WARN_CONSTANT_CONVERSION = YES;
				CLANG_WARN_DEPRECATED_OBJC_IMPLEMENTATIONS = YES;
				CLANG_WARN_DIRECT_OBJC_ISA_USAGE = YES_ERROR;
				CLANG_WARN_DOCUMENTATION_COMMENTS = YES;
				CLANG_WARN_EMPTY_BODY = YES;
				CLANG_WARN_ENUM_CONVERSION = YES;
				CLANG_WARN_INFINITE_RECURSION = YES;
				CLANG_WARN_INT_CONVERSION = YES;
				CLANG_WARN_NON_LITERAL_NULL_CONVERSION = YES;
				CLANG_WARN_OBJC_IMPLICIT_RETAIN_SELF = YES;
				CLANG_WARN_OBJC_LITERAL_CONVERSION = YES;
				CLANG_WARN_OBJC_ROOT_CLASS = YES_ERROR;
				CLANG_WARN_QUOTED_INCLUDE_IN_FRAMEWORK_HEADER = YES;
				CLANG_WARN_RANGE_LOOP_ANALYSIS = YES;
				CLANG_WARN_STRICT_PROTOTYPES = YES;
				CLANG_WARN_SUSPICIOUS_MOVE = YES;
				CLANG_WARN_UNGUARDED_AVAILABILITY = YES_AGGRESSIVE;
				CLANG_WARN_UNREACHABLE_CODE = YES;
				CLANG_WARN__DUPLICATE_METHOD_MATCH = YES;
				COPY_PHASE_STRIP = NO;
				DEBUG_INFORMATION_FORMAT = dwarf;
				DEVELOPMENT_TEAM = JH9RVESMJJ;
				ENABLE_STRICT_OBJC_MSGSEND = YES;
				ENABLE_TESTABILITY = YES;
				ENABLE_USER_SCRIPT_SANDBOXING = YES;
				GCC_C_LANGUAGE_STANDARD = gnu17;
				GCC_DYNAMIC_NO_PIC = NO;
				GCC_NO_COMMON_BLOCKS = YES;
				GCC_OPTIMIZATION_LEVEL = 0;
				GCC_PREPROCESSOR_DEFINITIONS = (
					"DEBUG=1",
					"$(inherited)",
				);
				GCC_WARN_64_TO_32_BIT_CONVERSION = YES;
				GCC_WARN_ABOUT_RETURN_TYPE = YES_ERROR;
				GCC_WARN_UNDECLARED_SELECTOR = YES;
				GCC_WARN_UNINITIALIZED_AUTOS = YES_AGGRESSIVE;
				GCC_WARN_UNUSED_FUNCTION = YES;
				GCC_WARN_UNUSED_VARIABLE = YES;
				IPHONEOS_DEPLOYMENT_TARGET = 26.4;
				LOCALIZATION_PREFERS_STRING_CATALOGS = YES;
				MTL_ENABLE_DEBUG_INFO = INCLUDE_SOURCE;
				MTL_FAST_MATH = YES;
				ONLY_ACTIVE_ARCH = YES;
				SDKROOT = iphoneos;
				SWIFT_ACTIVE_COMPILATION_CONDITIONS = "DEBUG $(inherited)";
				SWIFT_OPTIMIZATION_LEVEL = "-Onone";
			};
			name = Debug;
		};
		278C62D13034DC7400E5F340 /* Release */ = {
			isa = XCBuildConfiguration;
			buildSettings = {
				ALWAYS_SEARCH_USER_PATHS = NO;
				ASSETCATALOG_COMPILER_GENERATE_SWIFT_ASSET_SYMBOL_EXTENSIONS = YES;
				CLANG_ANALYZER_NONNULL = YES;
				CLANG_ANALYZER_NUMBER_OBJECT_CONVERSION = YES_AGGRESSIVE;
				CLANG_CXX_LANGUAGE_STANDARD = "gnu++20";
				CLANG_ENABLE_MODULES = YES;
				CLANG_ENABLE_OBJC_ARC = YES;
				CLANG_ENABLE_OBJC_WEAK = YES;
				CLANG_WARN_BLOCK_CAPTURE_AUTORELEASING = YES;
				CLANG_WARN_BOOL_CONVERSION = YES;
				CLANG_WARN_COMMA = YES;
				CLANG_WARN_CONSTANT_CONVERSION = YES;
				CLANG_WARN_DEPRECATED_OBJC_IMPLEMENTATIONS = YES;
				CLANG_WARN_DIRECT_OBJC_ISA_USAGE = YES_ERROR;
				CLANG_WARN_DOCUMENTATION_COMMENTS = YES;
				CLANG_WARN_EMPTY_BODY = YES;
				CLANG_WARN_ENUM_CONVERSION = YES;
				CLANG_WARN_INFINITE_RECURSION = YES;
				CLANG_WARN_INT_CONVERSION = YES;
				CLANG_WARN_NON_LITERAL_NULL_CONVERSION = YES;
				CLANG_WARN_OBJC_IMPLICIT_RETAIN_SELF = YES;
				CLANG_WARN_OBJC_LITERAL_CONVERSION = YES;
				CLANG_WARN_OBJC_ROOT_CLASS = YES_ERROR;
				CLANG_WARN_QUOTED_INCLUDE_IN_FRAMEWORK_HEADER = YES;
				CLANG_WARN_RANGE_LOOP_ANALYSIS = YES;
				CLANG_WARN_STRICT_PROTOTYPES = YES;
				CLANG_WARN_SUSPICIOUS_MOVE = YES;
				CLANG_WARN_UNGUARDED_AVAILABILITY = YES_AGGRESSIVE;
				CLANG_WARN_UNREACHABLE_CODE = YES;
				CLANG_WARN__DUPLICATE_METHOD_MATCH = YES;
				COPY_PHASE_STRIP = NO;
				DEBUG_INFORMATION_FORMAT = "dwarf-with-dsym";
				DEVELOPMENT_TEAM = JH9RVESMJJ;
				ENABLE_NS_ASSERTIONS = NO;
				ENABLE_STRICT_OBJC_MSGSEND = YES;
				ENABLE_USER_SCRIPT_SANDBOXING = YES;
				GCC_C_LANGUAGE_STANDARD = gnu17;
				GCC_NO_COMMON_BLOCKS = YES;
				GCC_WARN_64_TO_32_BIT_CONVERSION = YES;
				GCC_WARN_ABOUT_RETURN_TYPE = YES_ERROR;
				GCC_WARN_UNDECLARED_SELECTOR = YES;
				GCC_WARN_UNINITIALIZED_AUTOS = YES_AGGRESSIVE;
				GCC_WARN_UNUSED_FUNCTION = YES;
				GCC_WARN_UNUSED_VARIABLE = YES;
				IPHONEOS_DEPLOYMENT_TARGET = 26.4;
				LOCALIZATION_PREFERS_STRING_CATALOGS = YES;
				MTL_ENABLE_DEBUG_INFO = NO;
				MTL_FAST_MATH = YES;
				SDKROOT = iphoneos;
				SWIFT_COMPILATION_MODE = wholemodule;
				VALIDATE_PRODUCT = YES;
			};
			name = Release;
		};
		278C62D33034DC7400E5F340 /* Debug */ = {
			isa = XCBuildConfiguration;
			baseConfigurationReference = 295325B027358286B4336806 /* Pods-fifoogame.debug.xcconfig */;
			buildSettings = {
				ASSETCATALOG_COMPILER_APPICON_NAME = AppIcon;
				ASSETCATALOG_COMPILER_GLOBAL_ACCENT_COLOR_NAME = AccentColor;
				CODE_SIGN_STYLE = Automatic;
				CURRENT_PROJECT_VERSION = 1;
				DEVELOPMENT_TEAM = JH9RVESMJJ;
				ENABLE_PREVIEWS = YES;
				ENABLE_USER_SCRIPT_SANDBOXING = NO;
				GENERATE_INFOPLIST_FILE = YES;
				INFOPLIST_FILE = fifoogame/Info.plist;
				INFOPLIST_KEY_UIApplicationSceneManifest_Generation = YES;
				INFOPLIST_KEY_UIApplicationSupportsIndirectInputEvents = YES;
				INFOPLIST_KEY_UILaunchScreen_Generation = YES;
				INFOPLIST_KEY_UISupportedInterfaceOrientations = UIInterfaceOrientationPortrait;
				INFOPLIST_KEY_UISupportedInterfaceOrientations_iPad = "UIInterfaceOrientationLandscapeLeft UIInterfaceOrientationLandscapeRight UIInterfaceOrientationPortrait UIInterfaceOrientationPortraitUpsideDown";
				LD_RUNPATH_SEARCH_PATHS = (
					"$(inherited)",
					"@executable_path/Frameworks",
				);
				MARKETING_VERSION = 1.0;
				PRODUCT_BUNDLE_IDENTIFIER = "fifoo-app.fifoogame";
				PRODUCT_NAME = "$(TARGET_NAME)";
				STRING_CATALOG_GENERATE_SYMBOLS = YES;
				SUPPORTED_PLATFORMS = "iphoneos iphonesimulator";
				SUPPORTS_MACCATALYST = NO;
				SUPPORTS_MAC_DESIGNED_FOR_IPHONE_IPAD = NO;
				SUPPORTS_XR_DESIGNED_FOR_IPHONE_IPAD = NO;
				SWIFT_APPROACHABLE_CONCURRENCY = YES;
				SWIFT_DEFAULT_ACTOR_ISOLATION = MainActor;
				SWIFT_EMIT_LOC_STRINGS = YES;
				SWIFT_UPCOMING_FEATURE_MEMBER_IMPORT_VISIBILITY = YES;
				SWIFT_VERSION = 5.0;
				TARGETED_DEVICE_FAMILY = 1;
			};
			name = Debug;
		};
		278C62D43034DC7400E5F340 /* Release */ = {
			isa = XCBuildConfiguration;
			baseConfigurationReference = 0C2F5F641D60BED7204C9F85 /* Pods-fifoogame.release.xcconfig */;
			buildSettings = {
				ASSETCATALOG_COMPILER_APPICON_NAME = AppIcon;
				ASSETCATALOG_COMPILER_GLOBAL_ACCENT_COLOR_NAME = AccentColor;
				CODE_SIGN_STYLE = Automatic;
				CURRENT_PROJECT_VERSION = 1;
				DEVELOPMENT_TEAM = JH9RVESMJJ;
				ENABLE_PREVIEWS = YES;
				ENABLE_USER_SCRIPT_SANDBOXING = NO;
				GENERATE_INFOPLIST_FILE = YES;
				INFOPLIST_FILE = fifoogame/Info.plist;
				INFOPLIST_KEY_UIApplicationSceneManifest_Generation = YES;
				INFOPLIST_KEY_UIApplicationSupportsIndirectInputEvents = YES;
				INFOPLIST_KEY_UILaunchScreen_Generation = YES;
				INFOPLIST_KEY_UISupportedInterfaceOrientations = UIInterfaceOrientationPortrait;
				INFOPLIST_KEY_UISupportedInterfaceOrientations_iPad = "UIInterfaceOrientationLandscapeLeft UIInterfaceOrientationLandscapeRight UIInterfaceOrientationPortrait UIInterfaceOrientationPortraitUpsideDown";
				LD_RUNPATH_SEARCH_PATHS = (
					"$(inherited)",
					"@executable_path/Frameworks",
				);
				MARKETING_VERSION = 1.0;
				PRODUCT_BUNDLE_IDENTIFIER = "fifoo-app.fifoogame";
				PRODUCT_NAME = "$(TARGET_NAME)";
				STRING_CATALOG_GENERATE_SYMBOLS = YES;
				SUPPORTED_PLATFORMS = "iphoneos iphonesimulator";
				SUPPORTS_MACCATALYST = NO;
				SUPPORTS_MAC_DESIGNED_FOR_IPHONE_IPAD = NO;
				SUPPORTS_XR_DESIGNED_FOR_IPHONE_IPAD = NO;
				SWIFT_APPROACHABLE_CONCURRENCY = YES;
				SWIFT_DEFAULT_ACTOR_ISOLATION = MainActor;
				SWIFT_EMIT_LOC_STRINGS = YES;
				SWIFT_UPCOMING_FEATURE_MEMBER_IMPORT_VISIBILITY = YES;
				SWIFT_VERSION = 5.0;
				TARGETED_DEVICE_FAMILY = 1;
			};
			name = Release;
		};
		278C62FC3034EFC900E5F340 /* Debug */ = {
			isa = XCBuildConfiguration;
			buildSettings = {
				BUNDLE_LOADER = "$(TEST_HOST)";
				CODE_SIGN_STYLE = Automatic;
				CURRENT_PROJECT_VERSION = 1;
				DEVELOPMENT_TEAM = JH9RVESMJJ;
				GENERATE_INFOPLIST_FILE = YES;
				MARKETING_VERSION = 1.0;
				PRODUCT_BUNDLE_IDENTIFIER = "fifoo-app.fifoogameTests";
				PRODUCT_NAME = "$(TARGET_NAME)";
				STRING_CATALOG_GENERATE_SYMBOLS = NO;
				SUPPORTED_PLATFORMS = "iphoneos iphonesimulator";
				SUPPORTS_MACCATALYST = NO;
				SUPPORTS_MAC_DESIGNED_FOR_IPHONE_IPAD = NO;
				SUPPORTS_XR_DESIGNED_FOR_IPHONE_IPAD = NO;
				SWIFT_APPROACHABLE_CONCURRENCY = YES;
				SWIFT_EMIT_LOC_STRINGS = NO;
				SWIFT_UPCOMING_FEATURE_MEMBER_IMPORT_VISIBILITY = YES;
				SWIFT_VERSION = 5.0;
				TARGETED_DEVICE_FAMILY = 1;
				TEST_HOST = "$(BUILT_PRODUCTS_DIR)/fifoogame.app/$(BUNDLE_EXECUTABLE_FOLDER_PATH)/fifoogame";
			};
			name = Debug;
		};
		278C62FD3034EFC900E5F340 /* Release */ = {
			isa = XCBuildConfiguration;
			buildSettings = {
				BUNDLE_LOADER = "$(TEST_HOST)";
				CODE_SIGN_STYLE = Automatic;
				CURRENT_PROJECT_VERSION = 1;
				DEVELOPMENT_TEAM = JH9RVESMJJ;
				GENERATE_INFOPLIST_FILE = YES;
				MARKETING_VERSION = 1.0;
				PRODUCT_BUNDLE_IDENTIFIER = "fifoo-app.fifoogameTests";
				PRODUCT_NAME = "$(TARGET_NAME)";
				STRING_CATALOG_GENERATE_SYMBOLS = NO;
				SUPPORTED_PLATFORMS = "iphoneos iphonesimulator";
				SUPPORTS_MACCATALYST = NO;
				SUPPORTS_MAC_DESIGNED_FOR_IPHONE_IPAD = NO;
				SUPPORTS_XR_DESIGNED_FOR_IPHONE_IPAD = NO;
				SWIFT_APPROACHABLE_CONCURRENCY = YES;
				SWIFT_EMIT_LOC_STRINGS = NO;
				SWIFT_UPCOMING_FEATURE_MEMBER_IMPORT_VISIBILITY = YES;
				SWIFT_VERSION = 5.0;
				TARGETED_DEVICE_FAMILY = 1;
				TEST_HOST = "$(BUILT_PRODUCTS_DIR)/fifoogame.app/$(BUNDLE_EXECUTABLE_FOLDER_PATH)/fifoogame";
			};
			name = Release;
		};
/* End XCBuildConfiguration section */

/* Begin XCConfigurationList section */
		278C62C23034DC7200E5F340 /* Build configuration list for PBXProject "fifoogame" */ = {
			isa = XCConfigurationList;
			buildConfigurations = (
				278C62D03034DC7400E5F340 /* Debug */,
				278C62D13034DC7400E5F340 /* Release */,
			);
			defaultConfigurationIsVisible = 0;
			defaultConfigurationName = Release;
		};
		278C62D23034DC7400E5F340 /* Build configuration list for PBXNativeTarget "fifoogame" */ = {
			isa = XCConfigurationList;
			buildConfigurations = (
				278C62D33034DC7400E5F340 /* Debug */,
				278C62D43034DC7400E5F340 /* Release */,
			);
			defaultConfigurationIsVisible = 0;
			defaultConfigurationName = Release;
		};
		278C62FB3034EFC900E5F340 /* Build configuration list for PBXNativeTarget "fifoogameTests" */ = {
			isa = XCConfigurationList;
			buildConfigurations = (
				278C62FC3034EFC900E5F340 /* Debug */,
				278C62FD3034EFC900E5F340 /* Release */,
			);
			defaultConfigurationIsVisible = 0;
			defaultConfigurationName = Release;
		};
/* End XCConfigurationList section */
	};
	rootObject = 278C62BF3034DC7200E5F340 /* Project object */;
}
